
Microsoft Visual Studio Solution File, Format Version 12.00
# Visual Studio Version 17
VisualStudioVersion = 17.2.32317.152
MinimumVisualStudioVersion = 10.0.40219.1
Project("{9A19103F-16F7-4668-BE54-9A1E7A4F7556}") = "SukiUI", "SukiUI\SukiUI.csproj", "{BB238D42-157C-4C76-8DE6-315155E6D048}"
EndProject
Project("{9A19103F-16F7-4668-BE54-9A1E7A4F7556}") = "SukiUI.Demo", "SukiUI.Demo\SukiUI.Demo.csproj", "{1AF8DFD4-73DA-47FD-A034-635342AD9B9D}"
EndProject
Project("{2150E333-8FDC-42A3-9474-1A3956D46DE8}") = "Solution Items", "Solution Items", "{28455569-AF0F-473B-912D-AE515F68FE15}"
	ProjectSection(SolutionItems) = preProject
		.editorconfig = .editorconfig
		LICENSE = LICENSE
		nuget.config = nuget.config
		Settings.XamlStyler = Settings.XamlStyler
	EndProjectSection
EndProject
Global
	GlobalSection(SolutionConfigurationPlatforms) = preSolution
		Debug|Any CPU = Debug|Any CPU
		Release|Any CPU = Release|Any CPU
	EndGlobalSection
	GlobalSection(ProjectConfigurationPlatforms) = postSolution
		{BB238D42-157C-4C76-8DE6-315155E6D048}.Debug|Any CPU.ActiveCfg = Debug|Any CPU
		{BB238D42-157C-4C76-8DE6-315155E6D048}.Debug|Any CPU.Build.0 = Debug|Any CPU
		{BB238D42-157C-4C76-8DE6-315155E6D048}.Release|Any CPU.ActiveCfg = Release|Any CPU
		{BB238D42-157C-4C76-8DE6-315155E6D048}.Release|Any CPU.Build.0 = Release|Any CPU
		{1AF8DFD4-73DA-47FD-A034-635342AD9B9D}.Debug|Any CPU.ActiveCfg = Debug|Any CPU
		{1AF8DFD4-73DA-47FD-A034-635342AD9B9D}.Debug|Any CPU.Build.0 = Debug|Any CPU
		{1AF8DFD4-73DA-47FD-A034-635342AD9B9D}.Release|Any CPU.ActiveCfg = Release|Any CPU
		{1AF8DFD4-73DA-47FD-A034-635342AD9B9D}.Release|Any CPU.Build.0 = Release|Any CPU
	EndGlobalSection
	GlobalSection(SolutionProperties) = preSolution
		HideSolutionNode = FALSE
	EndGlobalSection
	GlobalSection(ExtensibilityGlobals) = postSolution
		SolutionGuid = {EDBDC1F1-B79F-4CBB-8C29-1CFC5947ED44}
	EndGlobalSection
EndGlobal
