
Microsoft Visual Studio Solution File, Format Version 12.00
Project("{FAE04EC0-301F-11D3-BF4B-00C04F79EFBC}") = "SukiUI", "SukiUI\SukiUI.csproj", "{BB238D42-157C-4C76-8DE6-315155E6D048}"
EndProject
Project("{FAE04EC0-301F-11D3-BF4B-00C04F79EFBC}") = "SukiTest", "SukiTest\SukiTest.csproj", "{5EA7B23A-8DDD-494E-B881-ABF184331467}"
EndProject
Global
	GlobalSection(SolutionConfigurationPlatforms) = preSolution
		Debug|Any CPU = Debug|Any CPU
		Release|Any CPU = Release|Any CPU
	EndGlobalSection
	GlobalSection(ProjectConfigurationPlatforms) = postSolution
		{BB238D42-157C-4C76-8DE6-315155E6D048}.Debug|Any CPU.ActiveCfg = Debug|Any CPU
		{BB238D42-157C-4C76-8DE6-315155E6D048}.Debug|Any CPU.Build.0 = Debug|Any CPU
		{BB238D42-157C-4C76-8DE6-315155E6D048}.Release|Any CPU.ActiveCfg = Release|Any CPU
		{BB238D42-157C-4C76-8DE6-315155E6D048}.Release|Any CPU.Build.0 = Release|Any CPU
		{5EA7B23A-8DDD-494E-B881-ABF184331467}.Debug|Any CPU.ActiveCfg = Debug|Any CPU
		{5EA7B23A-8DDD-494E-B881-ABF184331467}.Debug|Any CPU.Build.0 = Debug|Any CPU
		{5EA7B23A-8DDD-494E-B881-ABF184331467}.Release|Any CPU.ActiveCfg = Release|Any CPU
		{5EA7B23A-8DDD-494E-B881-ABF184331467}.Release|Any CPU.Build.0 = Release|Any CPU
	EndGlobalSection
EndGlobal
